{
    "_readme": [
        "This file locks the dependencies of your project to a known state",
        "Read more about it at https://getcomposer.org/doc/01-basic-usage.md#composer-lock-the-lock-file",
        "This file is @generated automatically"
    ],
    "content-hash": "7729ac2f23a9688411060ccb46839760",
    "packages": [
        {
            "name": "cebe/markdown",
            "version": "1.2.1",
            "source": {
                "type": "git",
                "url": "https://github.com/cebe/markdown.git",
                "reference": "9bac5e971dd391e2802dca5400bbeacbaea9eb86"
            },
            "dist": {
                "type": "zip",
                "url": "https://api.github.com/repos/cebe/markdown/zipball/9bac5e971dd391e2802dca5400bbeacbaea9eb86",
                "reference": "9bac5e971dd391e2802dca5400bbeacbaea9eb86",
                "shasum": ""
            },
            "require": {
                "lib-pcre": "*",
                "php": ">=5.4.0"
            },
            "require-dev": {
                "cebe/indent": "*",
                "facebook/xhprof": "*@dev",
                "phpunit/phpunit": "4.1.*"
            },
            "bin": [
                "bin/markdown"
            ],
            "type": "library",
            "extra": {
                "branch-alias": {
                    "dev-master": "1.2.x-dev"
                }
            },
            "autoload": {
                "psr-4": {
                    "cebe\\markdown\\": ""
                }
            },
            "notification-url": "https://packagist.org/downloads/",
            "license": [
                "MIT"
            ],
            "authors": [
                {
                    "name": "Carsten Brandt",
                    "email": "mail@cebe.cc",
                    "homepage": "http://cebe.cc/",
                    "role": "Creator"
                }
            ],
            "description": "A super fast, highly extensible markdown parser for PHP",
            "homepage": "https://github.com/cebe/markdown#readme",
            "keywords": [
                "extensible",
                "fast",
                "gfm",
                "markdown",
                "markdown-extra"
            ],
            "time": "2018-03-26T11:24:36+00:00"
        },
        {
            "name": "sevenecks/ansi",
            "version": "1.0.6",
            "source": {
                "type": "git",
                "url": "https://github.com/SevenEcks/ansi.git",
                "reference": "7c81ca9955439a2c772c2348310a8fdae20846d6"
            },
            "dist": {
                "type": "zip",
                "url": "https://api.github.com/repos/SevenEcks/ansi/zipball/7c81ca9955439a2c772c2348310a8fdae20846d6",
                "reference": "7c81ca9955439a2c772c2348310a8fdae20846d6",
                "shasum": ""
            },
            "require": {
                "php": ">=5.4"
            },
            "type": "library",
            "autoload": {
                "psr-4": {
                    "SevenEcks\\Ansi\\": "src/"
                }
            },
            "notification-url": "https://packagist.org/downloads/",
            "license": [
                "MIT"
            ],
            "authors": [
                {
                    "name": "Brendan Butts",
                    "email": "bbutts@stormcode.net"
                }
            ],
            "description": "This package offers an API to colorize strings of text with various ANSI colors using static methods.",
            "homepage": "https://github.com/sevenecks",
            "keywords": [
                "ansi",
                "cli",
                "color",
                "colors",
                "console",
                "shell"
            ],
            "time": "2018-03-20T19:49:35+00:00"
        },
        {
            "name": "sevenecks/markdown-terminal",
            "version": "0.0.1",
            "source": {
                "type": "git",
                "url": "https://github.com/SevenEcks/markdown-terminal.git",
                "reference": "b96e3ef25e5d2cc76583fe698b1acee68d03bbf2"
            },
            "dist": {
                "type": "zip",
                "url": "https://api.github.com/repos/SevenEcks/markdown-terminal/zipball/b96e3ef25e5d2cc76583fe698b1acee68d03bbf2",
                "reference": "b96e3ef25e5d2cc76583fe698b1acee68d03bbf2",
                "shasum": ""
            },
            "require": {
                "cebe/markdown": "~1.2.0",
                "php": ">=7.0",
                "sevenecks/ansi": "^1.0",
                "sevenecks/string-utils": "^0.0.15"
            },
            "require-dev": {
                "squizlabs/php_codesniffer": "^3.3"
            },
            "type": "library",
            "autoload": {
                "psr-4": {
                    "SevenEcks\\Markdown\\": "src/"
                }
            },
            "notification-url": "https://packagist.org/downloads/",
            "license": [
                "MIT"
            ],
            "authors": [
                {
                    "name": "Brendan Butts",
                    "email": "bbutts@stormcode.net"
                }
            ],
            "description": "convert markdown to terminal output in php",
            "homepage": "https://github.com/sevenecks/markdown-terminal",
            "keywords": [
                "cli",
                "command line",
                "console",
                "formatting",
                "markdown",
                "php",
                "pretty printer",
                "shell",
                "string"
            ],
            "time": "2018-09-12T19:06:10+00:00"
        },
        {
            "name": "sevenecks/string-utils",
            "version": "0.0.15",
            "source": {
                "type": "git",
                "url": "https://github.com/SevenEcks/string-utils.git",
                "reference": "5d5a6e3d3d90da6e4c6e50910e8b981283a423c5"
            },
            "dist": {
                "type": "zip",
                "url": "https://api.github.com/repos/SevenEcks/string-utils/zipball/5d5a6e3d3d90da6e4c6e50910e8b981283a423c5",
                "reference": "5d5a6e3d3d90da6e4c6e50910e8b981283a423c5",
                "shasum": ""
            },
            "require": {
                "php": ">=5.4",
                "sevenecks/ansi": "^1"
            },
            "type": "library",
            "autoload": {
                "psr-4": {
                    "SevenEcks\\StringUtils\\": "src/"
                }
            },
            "notification-url": "https://packagist.org/downloads/",
            "license": [
                "MIT"
            ],
            "authors": [
                {
                    "name": "Brendan Butts",
                    "email": "bbutts@stormcode.net"
                }
            ],
            "description": "A collection of string utilities for PHP, loosely based on the LambdaMOO $string_utils package.",
            "homepage": "https://github.com/sevenecks",
            "keywords": [
                "cli",
                "command line",
                "console",
                "formatting",
                "lambdamoo",
                "shell",
                "string"
            ],
            "time": "2018-04-03T21:49:28+00:00"
        }
    ],
    "packages-dev": [
        {
            "name": "sevenecks/tableify",
            "version": "0.0.5",
            "source": {
                "type": "git",
                "url": "https://github.com/SevenEcks/tableify.git",
                "reference": "f6d0e205fa5b8344123b5d7ebc09eb0a457e234c"
            },
            "dist": {
                "type": "zip",
                "url": "https://api.github.com/repos/SevenEcks/tableify/zipball/f6d0e205fa5b8344123b5d7ebc09eb0a457e234c",
                "reference": "f6d0e205fa5b8344123b5d7ebc09eb0a457e234c",
                "shasum": ""
            },
            "require": {
                "php": ">=7.0",
                "sevenecks/string-utils": "^0.0.15"
            },
            "type": "library",
            "autoload": {
                "psr-4": {
                    "SevenEcks\\Tableify\\": "src/"
                }
            },
            "notification-url": "https://packagist.org/downloads/",
            "license": [
                "MIT"
            ],
            "authors": [
                {
                    "name": "Brendan Butts",
                    "email": "bbutts@stormcode.net"
                }
            ],
            "description": "Transform a multidimensional array into a pretty table that can be echoed to the screen or logged to a file.",
            "homepage": "https://github.com/sevenecks",
            "keywords": [
                "array to table",
                "cli",
                "command line",
                "console",
                "formatting",
                "logging",
                "php",
                "pretty printer",
                "shell",
                "string",
                "table printer"
            ],
            "time": "2018-04-06T17:06:43+00:00"
        },
        {
            "name": "squizlabs/php_codesniffer",
            "version": "3.2.3",
            "source": {
                "type": "git",
                "url": "https://github.com/squizlabs/PHP_CodeSniffer.git",
                "reference": "4842476c434e375f9d3182ff7b89059583aa8b27"
            },
            "dist": {
                "type": "zip",
                "url": "https://api.github.com/repos/squizlabs/PHP_CodeSniffer/zipball/4842476c434e375f9d3182ff7b89059583aa8b27",
                "reference": "4842476c434e375f9d3182ff7b89059583aa8b27",
                "shasum": ""
            },
            "require": {
                "ext-simplexml": "*",
                "ext-tokenizer": "*",
                "ext-xmlwriter": "*",
                "php": ">=5.4.0"
            },
            "require-dev": {
                "phpunit/phpunit": "^4.0 || ^5.0 || ^6.0 || ^7.0"
            },
            "bin": [
                "bin/phpcs",
                "bin/phpcbf"
            ],
            "type": "library",
            "extra": {
                "branch-alias": {
                    "dev-master": "3.x-dev"
                }
            },
            "notification-url": "https://packagist.org/downloads/",
            "license": [
                "BSD-3-Clause"
            ],
            "authors": [
                {
                    "name": "Greg Sherwood",
                    "role": "lead"
                }
            ],
            "description": "PHP_CodeSniffer tokenizes PHP, JavaScript and CSS files and detects violations of a defined set of coding standards.",
            "homepage": "http://www.squizlabs.com/php-codesniffer",
            "keywords": [
                "phpcs",
                "standards"
            ],
            "time": "2018-02-20T21:35:23+00:00"
        },
        {
            "name": "vlucas/phpdotenv",
            "version": "v2.4.0",
            "source": {
                "type": "git",
                "url": "https://github.com/vlucas/phpdotenv.git",
                "reference": "3cc116adbe4b11be5ec557bf1d24dc5e3a21d18c"
            },
            "dist": {
                "type": "zip",
                "url": "https://api.github.com/repos/vlucas/phpdotenv/zipball/3cc116adbe4b11be5ec557bf1d24dc5e3a21d18c",
                "reference": "3cc116adbe4b11be5ec557bf1d24dc5e3a21d18c",
                "shasum": ""
            },
            "require": {
                "php": ">=5.3.9"
            },
            "require-dev": {
                "phpunit/phpunit": "^4.8 || ^5.0"
            },
            "type": "library",
            "extra": {
                "branch-alias": {
                    "dev-master": "2.4-dev"
                }
            },
            "autoload": {
                "psr-4": {
                    "Dotenv\\": "src/"
                }
            },
            "notification-url": "https://packagist.org/downloads/",
            "license": [
                "BSD-3-Clause-Attribution"
            ],
            "authors": [
                {
                    "name": "Vance Lucas",
                    "email": "vance@vancelucas.com",
                    "homepage": "http://www.vancelucas.com"
                }
            ],
            "description": "Loads environment variables from `.env` to `getenv()`, `$_ENV` and `$_SERVER` automagically.",
            "keywords": [
                "dotenv",
                "env",
                "environment"
            ],
            "time": "2016-09-01T10:05:43+00:00"
        }
    ],
    "aliases": [],
    "minimum-stability": "stable",
    "stability-flags": [],
    "prefer-stable": true,
    "prefer-lowest": false,
    "platform": [],
    "platform-dev": []
}
